
Microsoft Visual Studio Solution File, Format Version 12.00
# Visual Studio Version 17
VisualStudioVersion = 17.13.35828.75
MinimumVisualStudioVersion = 10.0.40219.1
Project("{FAE04EC0-301F-11D3-BF4B-00C04F79EFBC}") = "SmartAccountant.Maui.Old", "SmartAccountant.Maui.Old\SmartAccountant.Maui.Old.csproj", "{C26DFA20-B80F-406F-B8B8-12A8B2DE7974}"
EndProject
Project("{FAE04EC0-301F-11D3-BF4B-00C04F79EFBC}") = "MAUI.MSALClient", "MAUI.MSALClient\MAUI.MSALClient.csproj", "{6EFC8C0D-31B9-4786-A2D2-1BEB2A349667}"
EndProject
Project("{2150E333-8FDC-42A3-9474-1A3956D46DE8}") = "Solution Items", "Solution Items", "{8EC462FD-D22E-90A8-E5CE-7E832BA40C5D}"
	ProjectSection(SolutionItems) = preProject
		README.md = README.md
	EndProjectSection
EndProject
Project("{FAE04EC0-301F-11D3-BF4B-00C04F79EFBC}") = "SmartAccountant.Client.MAUI", "SmartAccountant.Client.MAUI\SmartAccountant.Client.MAUI.csproj", "{A6FC1C61-97D0-46D1-AD7B-7A5E71BD32C9}"
EndProject
Project("{FAE04EC0-301F-11D3-BF4B-00C04F79EFBC}") = "SmartAccountant.Client.ViewModels", "SmartAccountant.Client.ViewModels\SmartAccountant.Client.ViewModels.csproj", "{C748D26B-9C37-4390-BD61-2F93FDEB625D}"
EndProject
Global
	GlobalSection(SolutionConfigurationPlatforms) = preSolution
		Debug|Any CPU = Debug|Any CPU
		Release|Any CPU = Release|Any CPU
	EndGlobalSection
	GlobalSection(ProjectConfigurationPlatforms) = postSolution
		{C26DFA20-B80F-406F-B8B8-12A8B2DE7974}.Debug|Any CPU.ActiveCfg = Debug|Any CPU
		{C26DFA20-B80F-406F-B8B8-12A8B2DE7974}.Debug|Any CPU.Build.0 = Debug|Any CPU
		{C26DFA20-B80F-406F-B8B8-12A8B2DE7974}.Debug|Any CPU.Deploy.0 = Debug|Any CPU
		{C26DFA20-B80F-406F-B8B8-12A8B2DE7974}.Release|Any CPU.ActiveCfg = Release|Any CPU
		{C26DFA20-B80F-406F-B8B8-12A8B2DE7974}.Release|Any CPU.Build.0 = Release|Any CPU
		{6EFC8C0D-31B9-4786-A2D2-1BEB2A349667}.Debug|Any CPU.ActiveCfg = Debug|Any CPU
		{6EFC8C0D-31B9-4786-A2D2-1BEB2A349667}.Debug|Any CPU.Build.0 = Debug|Any CPU
		{6EFC8C0D-31B9-4786-A2D2-1BEB2A349667}.Release|Any CPU.ActiveCfg = Release|Any CPU
		{6EFC8C0D-31B9-4786-A2D2-1BEB2A349667}.Release|Any CPU.Build.0 = Release|Any CPU
		{A6FC1C61-97D0-46D1-AD7B-7A5E71BD32C9}.Debug|Any CPU.ActiveCfg = Debug|Any CPU
		{A6FC1C61-97D0-46D1-AD7B-7A5E71BD32C9}.Debug|Any CPU.Build.0 = Debug|Any CPU
		{A6FC1C61-97D0-46D1-AD7B-7A5E71BD32C9}.Debug|Any CPU.Deploy.0 = Debug|Any CPU
		{A6FC1C61-97D0-46D1-AD7B-7A5E71BD32C9}.Release|Any CPU.ActiveCfg = Release|Any CPU
		{A6FC1C61-97D0-46D1-AD7B-7A5E71BD32C9}.Release|Any CPU.Build.0 = Release|Any CPU
		{C748D26B-9C37-4390-BD61-2F93FDEB625D}.Debug|Any CPU.ActiveCfg = Debug|Any CPU
		{C748D26B-9C37-4390-BD61-2F93FDEB625D}.Debug|Any CPU.Build.0 = Debug|Any CPU
		{C748D26B-9C37-4390-BD61-2F93FDEB625D}.Release|Any CPU.ActiveCfg = Release|Any CPU
		{C748D26B-9C37-4390-BD61-2F93FDEB625D}.Release|Any CPU.Build.0 = Release|Any CPU
	EndGlobalSection
	GlobalSection(SolutionProperties) = preSolution
		HideSolutionNode = FALSE
	EndGlobalSection
	GlobalSection(ExtensibilityGlobals) = postSolution
		SolutionGuid = {F6D757AF-B906-4F5B-A0CA-EC9512D6D622}
	EndGlobalSection
EndGlobal
